
Microsoft Visual Studio Solution File, Format Version 12.00
# Visual Studio Version 16
VisualStudioVersion = 16.0.30320.27
MinimumVisualStudioVersion = 10.0.40219.1
Project("{FAE04EC0-301F-11D3-BF4B-00C04F79EFBC}") = "Consultar_CEP.Android", "Consultar_CEP\Consultar_CEP.Android\Consultar_CEP.Android.csproj", "{821ABE1C-195D-4F62-9901-CF1347AA4E53}"
EndProject
Project("{FAE04EC0-301F-11D3-BF4B-00C04F79EFBC}") = "Consultar_CEP.iOS", "Consultar_CEP\Consultar_CEP.iOS\Consultar_CEP.iOS.csproj", "{28D12969-AD43-40A4-A0F8-75E15C919325}"
EndProject
Project("{FAE04EC0-301F-11D3-BF4B-00C04F79EFBC}") = "Consultar_CEP", "Consultar_CEP\Consultar_CEP\Consultar_CEP.csproj", "{DF2F9BCC-5D9A-4BB9-B05C-738F9F48E3F4}"
EndProject
Global
	GlobalSection(SolutionConfigurationPlatforms) = preSolution
		Debug|Any CPU = Debug|Any CPU
		Debug|iPhone = Debug|iPhone
		Debug|iPhoneSimulator = Debug|iPhoneSimulator
		Release|Any CPU = Release|Any CPU
		Release|iPhone = Release|iPhone
		Release|iPhoneSimulator = Release|iPhoneSimulator
	EndGlobalSection
	GlobalSection(ProjectConfigurationPlatforms) = postSolution
		{821ABE1C-195D-4F62-9901-CF1347AA4E53}.Debug|Any CPU.ActiveCfg = Debug|Any CPU
		{821ABE1C-195D-4F62-9901-CF1347AA4E53}.Debug|Any CPU.Build.0 = Debug|Any CPU
		{821ABE1C-195D-4F62-9901-CF1347AA4E53}.Debug|Any CPU.Deploy.0 = Debug|Any CPU
		{821ABE1C-195D-4F62-9901-CF1347AA4E53}.Debug|iPhone.ActiveCfg = Debug|Any CPU
		{821ABE1C-195D-4F62-9901-CF1347AA4E53}.Debug|iPhone.Build.0 = Debug|Any CPU
		{821ABE1C-195D-4F62-9901-CF1347AA4E53}.Debug|iPhone.Deploy.0 = Debug|Any CPU
		{821ABE1C-195D-4F62-9901-CF1347AA4E53}.Debug|iPhoneSimulator.ActiveCfg = Debug|Any CPU
		{821ABE1C-195D-4F62-9901-CF1347AA4E53}.Debug|iPhoneSimulator.Build.0 = Debug|Any CPU
		{821ABE1C-195D-4F62-9901-CF1347AA4E53}.Debug|iPhoneSimulator.Deploy.0 = Debug|Any CPU
		{821ABE1C-195D-4F62-9901-CF1347AA4E53}.Release|Any CPU.ActiveCfg = Release|Any CPU
		{821ABE1C-195D-4F62-9901-CF1347AA4E53}.Release|Any CPU.Build.0 = Release|Any CPU
		{821ABE1C-195D-4F62-9901-CF1347AA4E53}.Release|Any CPU.Deploy.0 = Release|Any CPU
		{821ABE1C-195D-4F62-9901-CF1347AA4E53}.Release|iPhone.ActiveCfg = Release|Any CPU
		{821ABE1C-195D-4F62-9901-CF1347AA4E53}.Release|iPhone.Build.0 = Release|Any CPU
		{821ABE1C-195D-4F62-9901-CF1347AA4E53}.Release|iPhone.Deploy.0 = Release|Any CPU
		{821ABE1C-195D-4F62-9901-CF1347AA4E53}.Release|iPhoneSimulator.ActiveCfg = Release|Any CPU
		{821ABE1C-195D-4F62-9901-CF1347AA4E53}.Release|iPhoneSimulator.Build.0 = Release|Any CPU
		{821ABE1C-195D-4F62-9901-CF1347AA4E53}.Release|iPhoneSimulator.Deploy.0 = Release|Any CPU
		{28D12969-AD43-40A4-A0F8-75E15C919325}.Debug|Any CPU.ActiveCfg = Debug|iPhone
		{28D12969-AD43-40A4-A0F8-75E15C919325}.Debug|Any CPU.Build.0 = Debug|iPhone
		{28D12969-AD43-40A4-A0F8-75E15C919325}.Debug|Any CPU.Deploy.0 = Debug|iPhone
		{28D12969-AD43-40A4-A0F8-75E15C919325}.Debug|iPhone.ActiveCfg = Debug|iPhone
		{28D12969-AD43-40A4-A0F8-75E15C919325}.Debug|iPhone.Build.0 = Debug|iPhone
		{28D12969-AD43-40A4-A0F8-75E15C919325}.Debug|iPhone.Deploy.0 = Debug|iPhone
		{28D12969-AD43-40A4-A0F8-75E15C919325}.Debug|iPhoneSimulator.ActiveCfg = Debug|iPhoneSimulator
		{28D12969-AD43-40A4-A0F8-75E15C919325}.Debug|iPhoneSimulator.Build.0 = Debug|iPhoneSimulator
		{28D12969-AD43-40A4-A0F8-75E15C919325}.Debug|iPhoneSimulator.Deploy.0 = Debug|iPhoneSimulator
		{28D12969-AD43-40A4-A0F8-75E15C919325}.Release|Any CPU.ActiveCfg = Release|iPhone
		{28D12969-AD43-40A4-A0F8-75E15C919325}.Release|Any CPU.Build.0 = Release|iPhone
		{28D12969-AD43-40A4-A0F8-75E15C919325}.Release|Any CPU.Deploy.0 = Release|iPhone
		{28D12969-AD43-40A4-A0F8-75E15C919325}.Release|iPhone.ActiveCfg = Release|iPhone
		{28D12969-AD43-40A4-A0F8-75E15C919325}.Release|iPhone.Build.0 = Release|iPhone
		{28D12969-AD43-40A4-A0F8-75E15C919325}.Release|iPhone.Deploy.0 = Release|iPhone
		{28D12969-AD43-40A4-A0F8-75E15C919325}.Release|iPhoneSimulator.ActiveCfg = Release|iPhoneSimulator
		{28D12969-AD43-40A4-A0F8-75E15C919325}.Release|iPhoneSimulator.Build.0 = Release|iPhoneSimulator
		{28D12969-AD43-40A4-A0F8-75E15C919325}.Release|iPhoneSimulator.Deploy.0 = Release|iPhoneSimulator
		{DF2F9BCC-5D9A-4BB9-B05C-738F9F48E3F4}.Debug|Any CPU.ActiveCfg = Debug|Any CPU
		{DF2F9BCC-5D9A-4BB9-B05C-738F9F48E3F4}.Debug|Any CPU.Build.0 = Debug|Any CPU
		{DF2F9BCC-5D9A-4BB9-B05C-738F9F48E3F4}.Debug|Any CPU.Deploy.0 = Debug|Any CPU
		{DF2F9BCC-5D9A-4BB9-B05C-738F9F48E3F4}.Debug|iPhone.ActiveCfg = Debug|Any CPU
		{DF2F9BCC-5D9A-4BB9-B05C-738F9F48E3F4}.Debug|iPhone.Build.0 = Debug|Any CPU
		{DF2F9BCC-5D9A-4BB9-B05C-738F9F48E3F4}.Debug|iPhone.Deploy.0 = Debug|Any CPU
		{DF2F9BCC-5D9A-4BB9-B05C-738F9F48E3F4}.Debug|iPhoneSimulator.ActiveCfg = Debug|Any CPU
		{DF2F9BCC-5D9A-4BB9-B05C-738F9F48E3F4}.Debug|iPhoneSimulator.Build.0 = Debug|Any CPU
		{DF2F9BCC-5D9A-4BB9-B05C-738F9F48E3F4}.Debug|iPhoneSimulator.Deploy.0 = Debug|Any CPU
		{DF2F9BCC-5D9A-4BB9-B05C-738F9F48E3F4}.Release|Any CPU.ActiveCfg = Release|Any CPU
		{DF2F9BCC-5D9A-4BB9-B05C-738F9F48E3F4}.Release|Any CPU.Build.0 = Release|Any CPU
		{DF2F9BCC-5D9A-4BB9-B05C-738F9F48E3F4}.Release|Any CPU.Deploy.0 = Release|Any CPU
		{DF2F9BCC-5D9A-4BB9-B05C-738F9F48E3F4}.Release|iPhone.ActiveCfg = Release|Any CPU
		{DF2F9BCC-5D9A-4BB9-B05C-738F9F48E3F4}.Release|iPhone.Build.0 = Release|Any CPU
		{DF2F9BCC-5D9A-4BB9-B05C-738F9F48E3F4}.Release|iPhone.Deploy.0 = Release|Any CPU
		{DF2F9BCC-5D9A-4BB9-B05C-738F9F48E3F4}.Release|iPhoneSimulator.ActiveCfg = Release|Any CPU
		{DF2F9BCC-5D9A-4BB9-B05C-738F9F48E3F4}.Release|iPhoneSimulator.Build.0 = Release|Any CPU
		{DF2F9BCC-5D9A-4BB9-B05C-738F9F48E3F4}.Release|iPhoneSimulator.Deploy.0 = Release|Any CPU
	EndGlobalSection
	GlobalSection(SolutionProperties) = preSolution
		HideSolutionNode = FALSE
	EndGlobalSection
	GlobalSection(ExtensibilityGlobals) = postSolution
		SolutionGuid = {45C7780F-214D-4303-AFAD-7EA8868D89D7}
	EndGlobalSection
EndGlobal
